
Microsoft Visual Studio Solution File, Format Version 12.00
# Visual Studio Version 16
VisualStudioVersion = 16.0.29905.134
MinimumVisualStudioVersion = 10.0.40219.1
Project("{FAE04EC0-301F-11D3-BF4B-00C04F79EFBC}") = "PocketArtCollection", "PocketArtCollection\PocketArtCollection.csproj", "{2C9DD7F5-AD28-486E-A707-BEE7CD9A4069}"
EndProject
Project("{FAE04EC0-301F-11D3-BF4B-00C04F79EFBC}") = "PACDesktopClient", "PACDesktopClient\PACDesktopClient.csproj", "{981D20C5-9866-4F15-BF2A-712C84587E62}"
EndProject
Global
	GlobalSection(SolutionConfigurationPlatforms) = preSolution
		Debug|Any CPU = Debug|Any CPU
		Release|Any CPU = Release|Any CPU
	EndGlobalSection
	GlobalSection(ProjectConfigurationPlatforms) = postSolution
		{2C9DD7F5-AD28-486E-A707-BEE7CD9A4069}.Debug|Any CPU.ActiveCfg = Debug|Any CPU
		{2C9DD7F5-AD28-486E-A707-BEE7CD9A4069}.Debug|Any CPU.Build.0 = Debug|Any CPU
		{2C9DD7F5-AD28-486E-A707-BEE7CD9A4069}.Release|Any CPU.ActiveCfg = Release|Any CPU
		{2C9DD7F5-AD28-486E-A707-BEE7CD9A4069}.Release|Any CPU.Build.0 = Release|Any CPU
		{981D20C5-9866-4F15-BF2A-712C84587E62}.Debug|Any CPU.ActiveCfg = Debug|Any CPU
		{981D20C5-9866-4F15-BF2A-712C84587E62}.Debug|Any CPU.Build.0 = Debug|Any CPU
		{981D20C5-9866-4F15-BF2A-712C84587E62}.Release|Any CPU.ActiveCfg = Release|Any CPU
		{981D20C5-9866-4F15-BF2A-712C84587E62}.Release|Any CPU.Build.0 = Release|Any CPU
	EndGlobalSection
	GlobalSection(SolutionProperties) = preSolution
		HideSolutionNode = FALSE
	EndGlobalSection
	GlobalSection(ExtensibilityGlobals) = postSolution
		SolutionGuid = {F2BFA1A2-BBB4-409C-8167-544079168460}
	EndGlobalSection
EndGlobal
